
Microsoft Visual Studio Solution File, Format Version 12.00
# Visual Studio 15
VisualStudioVersion = 15.0.26730.12
MinimumVisualStudioVersion = 10.0.40219.1
Project("{FAE04EC0-301F-11D3-BF4B-00C04F79EFBC}") = "CreateMltVolumeFiles", "CreateMltVolumeFiles\CreateMltVolumeFiles.csproj", "{04ADDFBD-A809-49B0-A862-D0BFFD86DD7D}"
EndProject
Project("{FAE04EC0-301F-11D3-BF4B-00C04F79EFBC}") = "UnitTests", "UnitTests\UnitTests.csproj", "{B431E383-FB46-44B5-BBD9-A3B0EFFC7421}"
EndProject
Global
	GlobalSection(SolutionConfigurationPlatforms) = preSolution
		Debug|Any CPU = Debug|Any CPU
		Debug|x86 = Debug|x86
		Release|Any CPU = Release|Any CPU
		Release|x86 = Release|x86
	EndGlobalSection
	GlobalSection(ProjectConfigurationPlatforms) = postSolution
		{04ADDFBD-A809-49B0-A862-D0BFFD86DD7D}.Debug|Any CPU.ActiveCfg = Debug|x86
		{04ADDFBD-A809-49B0-A862-D0BFFD86DD7D}.Debug|x86.ActiveCfg = Debug|x86
		{04ADDFBD-A809-49B0-A862-D0BFFD86DD7D}.Debug|x86.Build.0 = Debug|x86
		{04ADDFBD-A809-49B0-A862-D0BFFD86DD7D}.Release|Any CPU.ActiveCfg = Release|x86
		{04ADDFBD-A809-49B0-A862-D0BFFD86DD7D}.Release|x86.ActiveCfg = Release|x86
		{04ADDFBD-A809-49B0-A862-D0BFFD86DD7D}.Release|x86.Build.0 = Release|x86
		{B431E383-FB46-44B5-BBD9-A3B0EFFC7421}.Debug|Any CPU.ActiveCfg = Debug|Any CPU
		{B431E383-FB46-44B5-BBD9-A3B0EFFC7421}.Debug|Any CPU.Build.0 = Debug|Any CPU
		{B431E383-FB46-44B5-BBD9-A3B0EFFC7421}.Debug|x86.ActiveCfg = Debug|Any CPU
		{B431E383-FB46-44B5-BBD9-A3B0EFFC7421}.Debug|x86.Build.0 = Debug|Any CPU
		{B431E383-FB46-44B5-BBD9-A3B0EFFC7421}.Release|Any CPU.ActiveCfg = Release|Any CPU
		{B431E383-FB46-44B5-BBD9-A3B0EFFC7421}.Release|Any CPU.Build.0 = Release|Any CPU
		{B431E383-FB46-44B5-BBD9-A3B0EFFC7421}.Release|x86.ActiveCfg = Release|Any CPU
		{B431E383-FB46-44B5-BBD9-A3B0EFFC7421}.Release|x86.Build.0 = Release|Any CPU
	EndGlobalSection
	GlobalSection(SolutionProperties) = preSolution
		HideSolutionNode = FALSE
	EndGlobalSection
	GlobalSection(ExtensibilityGlobals) = postSolution
		SolutionGuid = {E573D9F7-2E76-4B1C-8E1B-1C6B03E36BFE}
	EndGlobalSection
EndGlobal
